<?xml version="1.0" encoding="utf-8"?>
<Project xmlns="http://schemas.microsoft.com/developer/msbuild/2003">
  <ItemGroup>
    <Filter Include="Generated Files">
      <UniqueIdentifier>{71ED8ED8-ACB9-4CE9-BBE1-E00B30144E11}</UniqueIdentifier>
      <Extensions>cpp;c;cxx;moc;h;def;odl;idl;res;</Extensions>
    </Filter>
    <Filter Include="Generated Files">
      <UniqueIdentifier>{71ED8ED8-ACB9-4CE9-BBE1-E00B30144E11}</UniqueIdentifier>
      <Extensions>cpp;c;cxx;moc;h;def;odl;idl;res;</Extensions>
    </Filter>
    <Filter Include="Header Files">
      <UniqueIdentifier>{93995380-89BD-4b04-88EB-625FBE52EBFB}</UniqueIdentifier>
      <Extensions>h;hpp;hxx;hm;inl;inc;xsd</Extensions>
    </Filter>
    <Filter Include="Header Files">
      <UniqueIdentifier>{93995380-89BD-4b04-88EB-625FBE52EBFB}</UniqueIdentifier>
      <Extensions>h;hpp;hxx;hm;inl;inc;xsd</Extensions>
    </Filter>
    <Filter Include="Resource Files">
      <UniqueIdentifier>{D9D6E242-F8AF-46E4-B9FD-80ECBC20BA3E}</UniqueIdentifier>
      <Extensions>qrc;*</Extensions>
      <ParseFiles>false</ParseFiles>
    </Filter>
    <Filter Include="Resource Files">
      <UniqueIdentifier>{D9D6E242-F8AF-46E4-B9FD-80ECBC20BA3E}</UniqueIdentifier>
      <Extensions>qrc;*</Extensions>
      <ParseFiles>false</ParseFiles>
    </Filter>
    <Filter Include="Source Files">
      <UniqueIdentifier>{4FC737F1-C7A5-4376-A066-2A32D752A2FF}</UniqueIdentifier>
      <Extensions>cpp;c;cxx;def;odl;idl;hpj;bat;asm;asmx</Extensions>
    </Filter>
    <Filter Include="Source Files">
      <UniqueIdentifier>{4FC737F1-C7A5-4376-A066-2A32D752A2FF}</UniqueIdentifier>
      <Extensions>cpp;c;cxx;def;odl;idl;hpj;bat;asm;asmx</Extensions>
    </Filter>
    <Filter Include="Distribution Files">
      <UniqueIdentifier>{B83CAF91-C7BF-462F-B76C-EA11631F866C}</UniqueIdentifier>
      <Extensions>*</Extensions>
      <ParseFiles>false</ParseFiles>
    </Filter>
    <Filter Include="Distribution Files">
      <UniqueIdentifier>{B83CAF91-C7BF-462F-B76C-EA11631F866C}</UniqueIdentifier>
      <Extensions>*</Extensions>
      <ParseFiles>false</ParseFiles>
    </Filter>
  </ItemGroup>
  <ItemGroup>
    <ClCompile Include="Game.cpp">
      <Filter>Source Files</Filter>
    </ClCompile>
    <ClCompile Include="Grid.cpp">
      <Filter>Source Files</Filter>
    </ClCompile>
    <ClCompile Include="InitClass.cpp">
      <Filter>Source Files</Filter>
    </ClCompile>
    <ClCompile Include="Music.cpp">
      <Filter>Source Files</Filter>
    </ClCompile>
    <ClCompile Include="SudokuGenerator.cpp">
      <Filter>Source Files</Filter>
    </ClCompile>
    <ClCompile Include="main.cpp">
      <Filter>Source Files</Filter>
    </ClCompile>
  </ItemGroup>
  <ItemGroup>
    <QtMoc Include="Game.h">
      <Filter>Header Files</Filter>
    </QtMoc>
    <QtMoc Include="Grid.h">
      <Filter>Header Files</Filter>
    </QtMoc>
    <QtMoc Include="InitClass.h">
      <Filter>Header Files</Filter>
    </QtMoc>
    <QtMoc Include="Music.h">
      <Filter>Header Files</Filter>
    </QtMoc>
    <ClInclude Include="SudokuGenerator.h">
      <Filter>Header Files</Filter>
    </ClInclude>
  </ItemGroup>
  <ItemGroup>
    <CustomBuild Include="debug\moc_predefs.h.cbt">
      <Filter>Generated Files</Filter>
    </CustomBuild>
    <CustomBuild Include="release\moc_predefs.h.cbt">
      <Filter>Generated Files</Filter>
    </CustomBuild>
  </ItemGroup>
  <ItemGroup>
    <None Include="UI\screens\AppStyle.qml">
      <Filter>Resource Files</Filter>
    </None>
    <None Include="UI\screens\DropDownMenu.qml">
      <Filter>Resource Files</Filter>
    </None>
    <None Include="UI\fonts\Font Awesome 5 Brands-Regular-400.otf">
      <Filter>Resource Files</Filter>
    </None>
    <None Include="UI\fonts\Font Awesome 5 Free-Regular-400.otf">
      <Filter>Resource Files</Filter>
    </None>
    <None Include="UI\fonts\Font Awesome 5 Free-Solid-900.otf">
      <Filter>Resource Files</Filter>
    </None>
    <None Include="UI\fonts\Font Awesome 5 Pro-Light-300.otf">
      <Filter>Resource Files</Filter>
    </None>
    <None Include="UI\fonts\Font Awesome 5 Pro-Regular-400.otf">
      <Filter>Resource Files</Filter>
    </None>
    <None Include="UI\fonts\Font Awesome 5 Pro-Solid-900.otf">
      <Filter>Resource Files</Filter>
    </None>
    <None Include="UI\screens\FontStyle.qml">
      <Filter>Resource Files</Filter>
    </None>
    <None Include="UI\screens\Game.qml">
      <Filter>Resource Files</Filter>
    </None>
    <None Include="UI\screens\HomeScreen.qml">
      <Filter>Resource Files</Filter>
    </None>
    <None Include="UI\screens\HowToPlayWindow.qml">
      <Filter>Resource Files</Filter>
    </None>
    <None Include="UI\screens\NewGame.qml">
      <Filter>Resource Files</Filter>
    </None>
    <None Include="UI\fonts\Nunito-Bold.ttf">
      <Filter>Resource Files</Filter>
    </None>
    <None Include="UI\fonts\Nunito-Light.ttf">
      <Filter>Resource Files</Filter>
    </None>
    <None Include="UI\fonts\Nunito-Medium.ttf">
      <Filter>Resource Files</Filter>
    </None>
    <None Include="UI\fonts\Nunito-Regular.ttf">
      <Filter>Resource Files</Filter>
    </None>
    <None Include="music\Timeless.mp3">
      <Filter>Resource Files</Filter>
    </None>
    <None Include="UI\assets\arrow.png">
      <Filter>Resource Files</Filter>
    </None>
    <None Include="UI\assets\bg.png">
      <Filter>Resource Files</Filter>
    </None>
    <None Include="UI\assets\component.png">
      <Filter>Resource Files</Filter>
    </None>
    <None Include="UI\assets\dwight_photo.png">
      <Filter>Resource Files</Filter>
    </None>
    <None Include="UI\assets\icon.png">
      <Filter>Resource Files</Filter>
    </None>
    <None Include="main.qml">
      <Filter>Resource Files</Filter>
    </None>
    <None Include="UI\assets\mainMenuScreen.png">
      <Filter>Resource Files</Filter>
    </None>
    <None Include="UI\assets\mara_photo.png">
      <Filter>Resource Files</Filter>
    </None>
    <None Include="UI\assets\newGame_bg.png">
      <Filter>Resource Files</Filter>
    </None>
    <QtRcc Include="qml.qrc">
      <Filter>Resource Files</Filter>
    </QtRcc>
    <None Include="UI\screens\qtquickcontrols2.conf">
      <Filter>Resource Files</Filter>
    </None>
    <None Include="UI\assets\vj_photo.png">
      <Filter>Resource Files</Filter>
    </None>
  </ItemGroup>
  <ItemGroup>
    <None Include="5">
      <Filter>Distribution Files</Filter>
    </None>
    <None Include="Awesome">
      <Filter>Distribution Files</Filter>
    </None>
    <None Include="Brands-Regular-400.otf">
      <Filter>Distribution Files</Filter>
    </None>
    <None Include="UI\fonts\Font">
      <Filter>Distribution Files</Filter>
    </None>
    <None Include="Free-Regular-400.otf">
      <Filter>Distribution Files</Filter>
    </None>
    <None Include="Free-Solid-900.otf">
      <Filter>Distribution Files</Filter>
    </None>
    <None Include="Pro-Light-300.otf">
      <Filter>Distribution Files</Filter>
    </None>
    <None Include="Pro-Regular-400.otf">
      <Filter>Distribution Files</Filter>
    </None>
    <None Include="Pro-Solid-900.otf">
      <Filter>Distribution Files</Filter>
    </None>
    <None Include="SolutieSudoku.txt">
      <Filter>Distribution Files</Filter>
    </None>
    <None Include="SudokuCurent.txt">
      <Filter>Distribution Files</Filter>
    </None>
    <None Include="SudokuInitial.txt">
      <Filter>Distribution Files</Filter>
    </None>
  </ItemGroup>
</Project>