
Microsoft Visual Studio Solution File, Format Version 12.00
# Visual Studio Version 17
VisualStudioVersion = 17.7.34202.233
MinimumVisualStudioVersion = 10.0.40219.1
Project("{8BC9CEB8-8B4A-11D0-8D11-00A0C91BC942}") = "Sudoku", "Sudoku.vcxproj", "{F77710A7-5E3D-4D8F-859F-564933C4C2BF}"
EndProject
Global
	GlobalSection(SolutionConfigurationPlatforms) = preSolution
		Debug|x64 = Debug|x64
		Debug|x86 = Debug|x86
		Release|x64 = Release|x64
		Release|x86 = Release|x86
	EndGlobalSection
	GlobalSection(ProjectConfigurationPlatforms) = postSolution
		{F77710A7-5E3D-4D8F-859F-564933C4C2BF}.Debug|x64.ActiveCfg = Debug|x64
		{F77710A7-5E3D-4D8F-859F-564933C4C2BF}.Debug|x64.Build.0 = Debug|x64
		{F77710A7-5E3D-4D8F-859F-564933C4C2BF}.Debug|x86.ActiveCfg = Debug|Win32
		{F77710A7-5E3D-4D8F-859F-564933C4C2BF}.Debug|x86.Build.0 = Debug|Win32
		{F77710A7-5E3D-4D8F-859F-564933C4C2BF}.Release|x64.ActiveCfg = Release|x64
		{F77710A7-5E3D-4D8F-859F-564933C4C2BF}.Release|x64.Build.0 = Release|x64
		{F77710A7-5E3D-4D8F-859F-564933C4C2BF}.Release|x86.ActiveCfg = Release|Win32
		{F77710A7-5E3D-4D8F-859F-564933C4C2BF}.Release|x86.Build.0 = Release|Win32
	EndGlobalSection
	GlobalSection(SolutionProperties) = preSolution
		HideSolutionNode = FALSE
	EndGlobalSection
	GlobalSection(ExtensibilityGlobals) = postSolution
		SolutionGuid = {8EFDAB83-74A0-4EA9-8194-5ABB103ADA61}
	EndGlobalSection
EndGlobal
